// !$*UTF8*$!
{
	archiveVersion = 1;
	classes = {
	};
	objectVersion = 50;
	objects = {

/* Begin PBXBuildFile section */
		2E95ABFF267DCC6500443CF5 /* AppDelegate.swift in Sources */ = {isa = PBXBuildFile; fileRef = 2E95ABFE267DCC6500443CF5 /* AppDelegate.swift */; };
		2E95AC01267DCC6500443CF5 /* SceneDelegate.swift in Sources */ = {isa = PBXBuildFile; fileRef = 2E95AC00267DCC6500443CF5 /* SceneDelegate.swift */; };
		2E95AC03267DCC6500443CF5 /* ViewController.swift in Sources */ = {isa = PBXBuildFile; fileRef = 2E95AC02267DCC6500443CF5 /* ViewController.swift */; };
		2E95AC06267DCC6500443CF5 /* Main.storyboard in Resources */ = {isa = PBXBuildFile; fileRef = 2E95AC04267DCC6500443CF5 /* Main.storyboard */; };
		2E95AC08267DCC6700443CF5 /* Assets.xcassets in Resources */ = {isa = PBXBuildFile; fileRef = 2E95AC07267DCC6700443CF5 /* Assets.xcassets */; };
		2E95AC0B267DCC6700443CF5 /* LaunchScreen.storyboard in Resources */ = {isa = PBXBuildFile; fileRef = 2E95AC09267DCC6700443CF5 /* LaunchScreen.storyboard */; };
		C891D49023E249E1C88C7071 /* Pods_Codewell00.framework in Frameworks */ = {isa = PBXBuildFile; fileRef = 229877F64DB7D4D54657F2B2 /* Pods_Codewell00.framework */; };
/* End PBXBuildFile section */

/* Begin PBXFileReference section */
		229877F64DB7D4D54657F2B2 /* Pods_Codewell00.framework */ = {isa = PBXFileReference; explicitFileType = wrapper.framework; includeInIndex = 0; path = Pods_Codewell00.framework; sourceTree = BUILT_PRODUCTS_DIR; };
		2E95ABFB267DCC6500443CF5 /* Codewell00.app */ = {isa = PBXFileReference; explicitFileType = wrapper.application; includeInIndex = 0; path = Codewell00.app; sourceTree = BUILT_PRODUCTS_DIR; };
		2E95ABFE267DCC6500443CF5 /* AppDelegate.swift */ = {isa = PBXFileReference; lastKnownFileType = sourcecode.swift; path = AppDelegate.swift; sourceTree = "<group>"; };
		2E95AC00267DCC6500443CF5 /* SceneDelegate.swift */ = {isa = PBXFileReference; lastKnownFileType = sourcecode.swift; path = SceneDelegate.swift; sourceTree = "<group>"; };
		2E95AC02267DCC6500443CF5 /* ViewController.swift */ = {isa = PBXFileReference; lastKnownFileType = sourcecode.swift; path = ViewController.swift; sourceTree = "<group>"; };
		2E95AC05267DCC6500443CF5 /* Base */ = {isa = PBXFileReference; lastKnownFileType = file.storyboard; name = Base; path = Base.lproj/Main.storyboard; sourceTree = "<group>"; };
		2E95AC07267DCC6700443CF5 /* Assets.xcassets */ = {isa = PBXFileReference; lastKnownFileType = folder.assetcatalog; path = Assets.xcassets; sourceTree = "<group>"; };
		2E95AC0A267DCC6700443CF5 /* Base */ = {isa = PBXFileReference; lastKnownFileType = file.storyboard; name = Base; path = Base.lproj/LaunchScreen.storyboard; sourceTree = "<group>"; };
		2E95AC0C267DCC6800443CF5 /* Info.plist */ = {isa = PBXFileReference; lastKnownFileType = text.plist.xml; path = Info.plist; sourceTree = "<group>"; };
		82187D0E99F08CE60B2AE79E /* Pods-Codewell00.release.xcconfig */ = {isa = PBXFileReference; includeInIndex = 1; lastKnownFileType = text.xcconfig; name = "Pods-Codewell00.release.xcconfig"; path = "Target Support Files/Pods-Codewell00/Pods-Codewell00.release.xcconfig"; sourceTree = "<group>"; };
		F0469158DBAC83F8A00134FE /* Pods-Codewell00.debug.xcconfig */ = {isa = PBXFileReference; includeInIndex = 1; lastKnownFileType = text.xcconfig; name = "Pods-Codewell00.debug.xcconfig"; path = "Target Support Files/Pods-Codewell00/Pods-Codewell00.debug.xcconfig"; sourceTree = "<group>"; };
/* End PBXFileReference section */

/* Begin PBXFrameworksBuildPhase section */
		2E95ABF8267DCC6500443CF5 /* Frameworks */ = {
			isa = PBXFrameworksBuildPhase;
			buildActionMask = 2147483647;
			files = (
				C891D49023E249E1C88C7071 /* Pods_Codewell00.framework in Frameworks */,
			);
			runOnlyForDeploymentPostprocessing = 0;
		};
/* End PBXFrameworksBuildPhase section */

/* Begin PBXGroup section */
		2E95ABF2267DCC6500443CF5 = {
			isa = PBXGroup;
			children = (
				2E95ABFD267DCC6500443CF5 /* Codewell00 */,
				2E95ABFC267DCC6500443CF5 /* Products */,
				4BF835178FB84DE6CE5024FF /* Pods */,
				9EA2BEA305CD13F786E5453C /* Frameworks */,
			);
			sourceTree = "<group>";
		};
		2E95ABFC267DCC6500443CF5 /* Products */ = {
			isa = PBXGroup;
			children = (
				2E95ABFB267DCC6500443CF5 /* Codewell00.app */,
			);
			name = Products;
			sourceTree = "<group>";
		};
		2E95ABFD267DCC6500443CF5 /* Codewell00 */ = {
			isa = PBXGroup;
			children = (
				2E95AC15267DCC9000443CF5 /* Supports */,
				2E95AC14267DCC8900443CF5 /* Models */,
				2E95AC12267DCC7A00443CF5 /* Controllers */,
				2E95AC13267DCC8400443CF5 /* Views */,
				2E95AC07267DCC6700443CF5 /* Assets.xcassets */,
				2E95AC0C267DCC6800443CF5 /* Info.plist */,
			);
			path = Codewell00;
			sourceTree = "<group>";
		};
		2E95AC12267DCC7A00443CF5 /* Controllers */ = {
			isa = PBXGroup;
			children = (
				2E95AC02267DCC6500443CF5 /* ViewController.swift */,
			);
			path = Controllers;
			sourceTree = "<group>";
		};
		2E95AC13267DCC8400443CF5 /* Views */ = {
			isa = PBXGroup;
			children = (
				2E95AC09267DCC6700443CF5 /* LaunchScreen.storyboard */,
				2E95AC04267DCC6500443CF5 /* Main.storyboard */,
			);
			path = Views;
			sourceTree = "<group>";
		};
		2E95AC14267DCC8900443CF5 /* Models */ = {
			isa = PBXGroup;
			children = (
			);
			path = Models;
			sourceTree = "<group>";
		};
		2E95AC15267DCC9000443CF5 /* Supports */ = {
			isa = PBXGroup;
			children = (
				2E95ABFE267DCC6500443CF5 /* AppDelegate.swift */,
				2E95AC00267DCC6500443CF5 /* SceneDelegate.swift */,
			);
			path = Supports;
			sourceTree = "<group>";
		};
		4BF835178FB84DE6CE5024FF /* Pods */ = {
			isa = PBXGroup;
			children = (
				F0469158DBAC83F8A00134FE /* Pods-Codewell00.debug.xcconfig */,
				82187D0E99F08CE60B2AE79E /* Pods-Codewell00.release.xcconfig */,
			);
			name = Pods;
			path = Pods;
			sourceTree = "<group>";
		};
		9EA2BEA305CD13F786E5453C /* Frameworks */ = {
			isa = PBXGroup;
			children = (
				229877F64DB7D4D54657F2B2 /* Pods_Codewell00.framework */,
			);
			name = Frameworks;
			sourceTree = "<group>";
		};
/* End PBXGroup section */

/* Begin PBXNativeTarget section */
		2E95ABFA267DCC6500443CF5 /* Codewell00 */ = {
			isa = PBXNativeTarget;
			buildConfigurationList = 2E95AC0F267DCC6800443CF5 /* Build configuration list for PBXNativeTarget "Codewell00" */;
			buildPhases = (
				0FAC4C3B45491B4BD71EE055 /* [CP] Check Pods Manifest.lock */,
				2E95ABF7267DCC6500443CF5 /* Sources */,
				2E95ABF8267DCC6500443CF5 /* Frameworks */,
				2E95ABF9267DCC6500443CF5 /* Resources */,
				60BBDCF3D3C3E82FB8F88D7C /* [CP] Embed Pods Frameworks */,
			);
			buildRules = (
			);
			dependencies = (
			);
			name = Codewell00;
			productName = Codewell00;
			productReference = 2E95ABFB267DCC6500443CF5 /* Codewell00.app */;
			productType = "com.apple.product-type.application";
		};
/* End PBXNativeTarget section */

/* Begin PBXProject section */
		2E95ABF3267DCC6500443CF5 /* Project object */ = {
			isa = PBXProject;
			attributes = {
				LastSwiftUpdateCheck = 1250;
				LastUpgradeCheck = 1250;
				TargetAttributes = {
					2E95ABFA267DCC6500443CF5 = {
						CreatedOnToolsVersion = 12.5;
					};
				};
			};
			buildConfigurationList = 2E95ABF6267DCC6500443CF5 /* Build configuration list for PBXProject "Codewell00" */;
			compatibilityVersion = "Xcode 9.3";
			developmentRegion = en;
			hasScannedForEncodings = 0;
			knownRegions = (
				en,
				Base,
			);
			mainGroup = 2E95ABF2267DCC6500443CF5;
			productRefGroup = 2E95ABFC267DCC6500443CF5 /* Products */;
			projectDirPath = "";
			projectRoot = "";
			targets = (
				2E95ABFA267DCC6500443CF5 /* Codewell00 */,
			);
		};
/* End PBXProject section */

/* Begin PBXResourcesBuildPhase section */
		2E95ABF9267DCC6500443CF5 /* Resources */ = {
			isa = PBXResourcesBuildPhase;
			buildActionMask = 2147483647;
			files = (
				2E95AC0B267DCC6700443CF5 /* LaunchScreen.storyboard in Resources */,
				2E95AC08267DCC6700443CF5 /* Assets.xcassets in Resources */,
				2E95AC06267DCC6500443CF5 /* Main.storyboard in Resources */,
			);
			runOnlyForDeploymentPostprocessing = 0;
		};
/* End PBXResourcesBuildPhase section */

/* Begin PBXShellScriptBuildPhase section */
		0FAC4C3B45491B4BD71EE055 /* [CP] Check Pods Manifest.lock */ = {
			isa = PBXShellScriptBuildPhase;
			buildActionMask = 2147483647;
			files = (
			);
			inputFileListPaths = (
			);
			inputPaths = (
				"${PODS_PODFILE_DIR_PATH}/Podfile.lock",
				"${PODS_ROOT}/Manifest.lock",
			);
			name = "[CP] Check Pods Manifest.lock";
			outputFileListPaths = (
			);
			outputPaths = (
				"$(DERIVED_FILE_DIR)/Pods-Codewell00-checkManifestLockResult.txt",
			);
			runOnlyForDeploymentPostprocessing = 0;
			shellPath = /bin/sh;
			shellScript = "diff \"${PODS_PODFILE_DIR_PATH}/Podfile.lock\" \"${PODS_ROOT}/Manifest.lock\" > /dev/null\nif [ $? != 0 ] ; then\n    # print error to STDERR\n    echo \"error: The sandbox is not in sync with the Podfile.lock. Run 'pod install' or update your CocoaPods installation.\" >&2\n    exit 1\nfi\n# This output is used by Xcode 'outputs' to avoid re-running this script phase.\necho \"SUCCESS\" > \"${SCRIPT_OUTPUT_FILE_0}\"\n";
			showEnvVarsInLog = 0;
		};
		60BBDCF3D3C3E82FB8F88D7C /* [CP] Embed Pods Frameworks */ = {
			isa = PBXShellScriptBuildPhase;
			buildActionMask = 2147483647;
			files = (
			);
			inputFileListPaths = (
				"${PODS_ROOT}/Target Support Files/Pods-Codewell00/Pods-Codewell00-frameworks-${CONFIGURATION}-input-files.xcfilelist",
			);
			name = "[CP] Embed Pods Frameworks";
			outputFileListPaths = (
				"${PODS_ROOT}/Target Support Files/Pods-Codewell00/Pods-Codewell00-frameworks-${CONFIGURATION}-output-files.xcfilelist",
			);
			runOnlyForDeploymentPostprocessing = 0;
			shellPath = /bin/sh;
			shellScript = "\"${PODS_ROOT}/Target Support Files/Pods-Codewell00/Pods-Codewell00-frameworks.sh\"\n";
			showEnvVarsInLog = 0;
		};
/* End PBXShellScriptBuildPhase section */

/* Begin PBXSourcesBuildPhase section */
		2E95ABF7267DCC6500443CF5 /* Sources */ = {
			isa = PBXSourcesBuildPhase;
			buildActionMask = 2147483647;
			files = (
				2E95AC03267DCC6500443CF5 /* ViewController.swift in Sources */,
				2E95ABFF267DCC6500443CF5 /* AppDelegate.swift in Sources */,
				2E95AC01267DCC6500443CF5 /* SceneDelegate.swift in Sources */,
			);
			runOnlyForDeploymentPostprocessing = 0;
		};
/* End PBXSourcesBuildPhase section */

/* Begin PBXVariantGroup section */
		2E95AC04267DCC6500443CF5 /* Main.storyboard */ = {
			isa = PBXVariantGroup;
			children = (
				2E95AC05267DCC6500443CF5 /* Base */,
			);
			name = Main.storyboard;
			sourceTree = "<group>";
		};
		2E95AC09267DCC6700443CF5 /* LaunchScreen.storyboard */ = {
			isa = PBXVariantGroup;
			children = (
				2E95AC0A267DCC6700443CF5 /* Base */,
			);
			name = LaunchScreen.storyboard;
			sourceTree = "<group>";
		};
/* End PBXVariantGroup section */

/* Begin XCBuildConfiguration section */
		2E95AC0D267DCC6800443CF5 /* Debug */ = {
			isa = XCBuildConfiguration;
			buildSettings = {
				ALWAYS_SEARCH_USER_PATHS = NO;
				CLANG_ANALYZER_NONNULL = YES;
				CLANG_ANALYZER_NUMBER_OBJECT_CONVERSION = YES_AGGRESSIVE;
				CLANG_CXX_LANGUAGE_STANDARD = "gnu++14";
				CLANG_CXX_LIBRARY = "libc++";
				CLANG_ENABLE_MODULES = YES;
				CLANG_ENABLE_OBJC_ARC = YES;
				CLANG_ENABLE_OBJC_WEAK = YES;
				CLANG_WARN_BLOCK_CAPTURE_AUTORELEASING = YES;
				CLANG_WARN_BOOL_CONVERSION = YES;
				CLANG_WARN_COMMA = YES;
				CLANG_WARN_CONSTANT_CONVERSION = YES;
				CLANG_WARN_DEPRECATED_OBJC_IMPLEMENTATIONS = YES;
				CLANG_WARN_DIRECT_OBJC_ISA_USAGE = YES_ERROR;
				CLANG_WARN_DOCUMENTATION_COMMENTS = YES;
				CLANG_WARN_EMPTY_BODY = YES;
				CLANG_WARN_ENUM_CONVERSION = YES;
				CLANG_WARN_INFINITE_RECURSION = YES;
				CLANG_WARN_INT_CONVERSION = YES;
				CLANG_WARN_NON_LITERAL_NULL_CONVERSION = YES;
				CLANG_WARN_OBJC_IMPLICIT_RETAIN_SELF = YES;
				CLANG_WARN_OBJC_LITERAL_CONVERSION = YES;
				CLANG_WARN_OBJC_ROOT_CLASS = YES_ERROR;
				CLANG_WARN_QUOTED_INCLUDE_IN_FRAMEWORK_HEADER = YES;
				CLANG_WARN_RANGE_LOOP_ANALYSIS = YES;
				CLANG_WARN_STRICT_PROTOTYPES = YES;
				CLANG_WARN_SUSPICIOUS_MOVE = YES;
				CLANG_WARN_UNGUARDED_AVAILABILITY = YES_AGGRESSIVE;
				CLANG_WARN_UNREACHABLE_CODE = YES;
				CLANG_WARN__DUPLICATE_METHOD_MATCH = YES;
				COPY_PHASE_STRIP = NO;
				DEBUG_INFORMATION_FORMAT = dwarf;
				ENABLE_STRICT_OBJC_MSGSEND = YES;
				ENABLE_TESTABILITY = YES;
				GCC_C_LANGUAGE_STANDARD = gnu11;
				GCC_DYNAMIC_NO_PIC = NO;
				GCC_NO_COMMON_BLOCKS = YES;
				GCC_OPTIMIZATION_LEVEL = 0;
				GCC_PREPROCESSOR_DEFINITIONS = (
					"DEBUG=1",
					"$(inherited)",
				);
				GCC_WARN_64_TO_32_BIT_CONVERSION = YES;
				GCC_WARN_ABOUT_RETURN_TYPE = YES_ERROR;
				GCC_WARN_UNDECLARED_SELECTOR = YES;
				GCC_WARN_UNINITIALIZED_AUTOS = YES_AGGRESSIVE;
				GCC_WARN_UNUSED_FUNCTION = YES;
				GCC_WARN_UNUSED_VARIABLE = YES;
				IPHONEOS_DEPLOYMENT_TARGET = 14.5;
				MTL_ENABLE_DEBUG_INFO = INCLUDE_SOURCE;
				MTL_FAST_MATH = YES;
				ONLY_ACTIVE_ARCH = YES;
				SDKROOT = iphoneos;
				SWIFT_ACTIVE_COMPILATION_CONDITIONS = DEBUG;
				SWIFT_OPTIMIZATION_LEVEL = "-Onone";
			};
			name = Debug;
		};
		2E95AC0E267DCC6800443CF5 /* Release */ = {
			isa = XCBuildConfiguration;
			buildSettings = {
				ALWAYS_SEARCH_USER_PATHS = NO;
				CLANG_ANALYZER_NONNULL = YES;
				CLANG_ANALYZER_NUMBER_OBJECT_CONVERSION = YES_AGGRESSIVE;
				CLANG_CXX_LANGUAGE_STANDARD = "gnu++14";
				CLANG_CXX_LIBRARY = "libc++";
				CLANG_ENABLE_MODULES = YES;
				CLANG_ENABLE_OBJC_ARC = YES;
				CLANG_ENABLE_OBJC_WEAK = YES;
				CLANG_WARN_BLOCK_CAPTURE_AUTORELEASING = YES;
				CLANG_WARN_BOOL_CONVERSION = YES;
				CLANG_WARN_COMMA = YES;
				CLANG_WARN_CONSTANT_CONVERSION = YES;
				CLANG_WARN_DEPRECATED_OBJC_IMPLEMENTATIONS = YES;
				CLANG_WARN_DIRECT_OBJC_ISA_USAGE = YES_ERROR;
				CLANG_WARN_DOCUMENTATION_COMMENTS = YES;
				CLANG_WARN_EMPTY_BODY = YES;
				CLANG_WARN_ENUM_CONVERSION = YES;
				CLANG_WARN_INFINITE_RECURSION = YES;
				CLANG_WARN_INT_CONVERSION = YES;
				CLANG_WARN_NON_LITERAL_NULL_CONVERSION = YES;
				CLANG_WARN_OBJC_IMPLICIT_RETAIN_SELF = YES;
				CLANG_WARN_OBJC_LITERAL_CONVERSION = YES;
				CLANG_WARN_OBJC_ROOT_CLASS = YES_ERROR;
				CLANG_WARN_QUOTED_INCLUDE_IN_FRAMEWORK_HEADER = YES;
				CLANG_WARN_RANGE_LOOP_ANALYSIS = YES;
				CLANG_WARN_STRICT_PROTOTYPES = YES;
				CLANG_WARN_SUSPICIOUS_MOVE = YES;
				CLANG_WARN_UNGUARDED_AVAILABILITY = YES_AGGRESSIVE;
				CLANG_WARN_UNREACHABLE_CODE = YES;
				CLANG_WARN__DUPLICATE_METHOD_MATCH = YES;
				COPY_PHASE_STRIP = NO;
				DEBUG_INFORMATION_FORMAT = "dwarf-with-dsym";
				ENABLE_NS_ASSERTIONS = NO;
				ENABLE_STRICT_OBJC_MSGSEND = YES;
				GCC_C_LANGUAGE_STANDARD = gnu11;
				GCC_NO_COMMON_BLOCKS = YES;
				GCC_WARN_64_TO_32_BIT_CONVERSION = YES;
				GCC_WARN_ABOUT_RETURN_TYPE = YES_ERROR;
				GCC_WARN_UNDECLARED_SELECTOR = YES;
				GCC_WARN_UNINITIALIZED_AUTOS = YES_AGGRESSIVE;
				GCC_WARN_UNUSED_FUNCTION = YES;
				GCC_WARN_UNUSED_VARIABLE = YES;
				IPHONEOS_DEPLOYMENT_TARGET = 14.5;
				MTL_ENABLE_DEBUG_INFO = NO;
				MTL_FAST_MATH = YES;
				SDKROOT = iphoneos;
				SWIFT_COMPILATION_MODE = wholemodule;
				SWIFT_OPTIMIZATION_LEVEL = "-O";
				VALIDATE_PRODUCT = YES;
			};
			name = Release;
		};
		2E95AC10267DCC6800443CF5 /* Debug */ = {
			isa = XCBuildConfiguration;
			baseConfigurationReference = F0469158DBAC83F8A00134FE /* Pods-Codewell00.debug.xcconfig */;
			buildSettings = {
				ASSETCATALOG_COMPILER_APPICON_NAME = AppIcon;
				ASSETCATALOG_COMPILER_GLOBAL_ACCENT_COLOR_NAME = AccentColor;
				CODE_SIGN_STYLE = Automatic;
				DEVELOPMENT_TEAM = 862P2X6G9G;
				INFOPLIST_FILE = Codewell00/Info.plist;
				LD_RUNPATH_SEARCH_PATHS = (
					"$(inherited)",
					"@executable_path/Frameworks",
				);
				PRODUCT_BUNDLE_IDENTIFIER = com.jinwookkim.Codewell00;
				PRODUCT_NAME = "$(TARGET_NAME)";
				SWIFT_VERSION = 5.0;
				TARGETED_DEVICE_FAMILY = "1,2";
			};
			name = Debug;
		};
		2E95AC11267DCC6800443CF5 /* Release */ = {
			isa = XCBuildConfiguration;
			baseConfigurationReference = 82187D0E99F08CE60B2AE79E /* Pods-Codewell00.release.xcconfig */;
			buildSettings = {
				ASSETCATALOG_COMPILER_APPICON_NAME = AppIcon;
				ASSETCATALOG_COMPILER_GLOBAL_ACCENT_COLOR_NAME = AccentColor;
				CODE_SIGN_STYLE = Automatic;
				DEVELOPMENT_TEAM = 862P2X6G9G;
				INFOPLIST_FILE = Codewell00/Info.plist;
				LD_RUNPATH_SEARCH_PATHS = (
					"$(inherited)",
					"@executable_path/Frameworks",
				);
				PRODUCT_BUNDLE_IDENTIFIER = com.jinwookkim.Codewell00;
				PRODUCT_NAME = "$(TARGET_NAME)";
				SWIFT_VERSION = 5.0;
				TARGETED_DEVICE_FAMILY = "1,2";
			};
			name = Release;
		};
/* End XCBuildConfiguration section */

/* Begin XCConfigurationList section */
		2E95ABF6267DCC6500443CF5 /* Build configuration list for PBXProject "Codewell00" */ = {
			isa = XCConfigurationList;
			buildConfigurations = (
				2E95AC0D267DCC6800443CF5 /* Debug */,
				2E95AC0E267DCC6800443CF5 /* Release */,
			);
			defaultConfigurationIsVisible = 0;
			defaultConfigurationName = Release;
		};
		2E95AC0F267DCC6800443CF5 /* Build configuration list for PBXNativeTarget "Codewell00" */ = {
			isa = XCConfigurationList;
			buildConfigurations = (
				2E95AC10267DCC6800443CF5 /* Debug */,
				2E95AC11267DCC6800443CF5 /* Release */,
			);
			defaultConfigurationIsVisible = 0;
			defaultConfigurationName = Release;
		};
/* End XCConfigurationList section */
	};
	rootObject = 2E95ABF3267DCC6500443CF5 /* Project object */;
}
